
Microsoft Visual Studio Solution File, Format Version 12.00
# Visual Studio Version 17
VisualStudioVersion = 17.9.34616.47
MinimumVisualStudioVersion = 10.0.40219.1
Project("{FAE04EC0-301F-11D3-BF4B-00C04F79EFBC}") = "CV19", "CV19.csproj", "{807086BC-1B3B-4545-A6CF-127CD1E89A5D}"
EndProject
Global
	GlobalSection(SolutionConfigurationPlatforms) = preSolution
		Debug|Any CPU = Debug|Any CPU
		Release|Any CPU = Release|Any CPU
	EndGlobalSection
	GlobalSection(ProjectConfigurationPlatforms) = postSolution
		{807086BC-1B3B-4545-A6CF-127CD1E89A5D}.Debug|Any CPU.ActiveCfg = Debug|Any CPU
		{807086BC-1B3B-4545-A6CF-127CD1E89A5D}.Debug|Any CPU.Build.0 = Debug|Any CPU
		{807086BC-1B3B-4545-A6CF-127CD1E89A5D}.Release|Any CPU.ActiveCfg = Release|Any CPU
		{807086BC-1B3B-4545-A6CF-127CD1E89A5D}.Release|Any CPU.Build.0 = Release|Any CPU
	EndGlobalSection
	GlobalSection(SolutionProperties) = preSolution
		HideSolutionNode = FALSE
	EndGlobalSection
	GlobalSection(ExtensibilityGlobals) = postSolution
		SolutionGuid = {D0096B91-2AF2-4134-B7F6-1EC8B026803A}
	EndGlobalSection
EndGlobal
